
Microsoft Visual Studio Solution File, Format Version 12.00
# Visual Studio Version 17
VisualStudioVersion = 17.9.34607.119
MinimumVisualStudioVersion = 10.0.40219.1
Project("{9A19103F-16F7-4668-BE54-9A1E7A4F7556}") = "Users.API", "src\Services\Users\Users.API\Users.API.csproj", "{EA510484-B491-49C5-80B4-64B0B9DE7E93}"
EndProject
Project("{9A19103F-16F7-4668-BE54-9A1E7A4F7556}") = "Transactions.API", "src\Services\Transactions\Transactions.API\Transactions.API.csproj", "{6CEC1981-79FC-4949-BB3D-405D76A981D8}"
	ProjectSection(ProjectDependencies) = postProject
		{8149EA51-EEAD-4FAE-B147-656F3DB60EBA} = {8149EA51-EEAD-4FAE-B147-656F3DB60EBA}
	EndProjectSection
EndProject
Project("{9A19103F-16F7-4668-BE54-9A1E7A4F7556}") = "Transactions.Domain", "src\Services\Transactions\Transactions.Domain\Transactions.Domain.csproj", "{85AC556F-63F9-4858-862B-BBDA3A8CE0A4}"
EndProject
Project("{9A19103F-16F7-4668-BE54-9A1E7A4F7556}") = "Transactions.Infrastructure", "src\Services\Transactions\Transactions.Infrastructure\Transactions.Infrastructure.csproj", "{8149EA51-EEAD-4FAE-B147-656F3DB60EBA}"
	ProjectSection(ProjectDependencies) = postProject
		{85AC556F-63F9-4858-862B-BBDA3A8CE0A4} = {85AC556F-63F9-4858-862B-BBDA3A8CE0A4}
	EndProjectSection
EndProject
Project("{9A19103F-16F7-4668-BE54-9A1E7A4F7556}") = "Authentication.API", "src\Services\Authentication\Authentication.API\Authentication.API.csproj", "{A3C22F01-0A44-440F-BAE9-58B963D612AA}"
	ProjectSection(ProjectDependencies) = postProject
		{51118DF0-776B-45DB-A365-6E3E69558C8E} = {51118DF0-776B-45DB-A365-6E3E69558C8E}
	EndProjectSection
EndProject
Project("{9A19103F-16F7-4668-BE54-9A1E7A4F7556}") = "Authentication.Domain", "src\Services\Authentication\Authentication.Domain\Authentication.Domain.csproj", "{E92A9015-0DFD-4E7D-972A-D318F14D6176}"
EndProject
Project("{9A19103F-16F7-4668-BE54-9A1E7A4F7556}") = "Authentication.Infrastructure", "src\Services\Authentication\Authentication.Infrastructure\Authentication.Infrastructure.csproj", "{51118DF0-776B-45DB-A365-6E3E69558C8E}"
	ProjectSection(ProjectDependencies) = postProject
		{E92A9015-0DFD-4E7D-972A-D318F14D6176} = {E92A9015-0DFD-4E7D-972A-D318F14D6176}
	EndProjectSection
EndProject
Project("{9A19103F-16F7-4668-BE54-9A1E7A4F7556}") = "Authentication.UnitTests", "tests\Authentication.UnitTests\Authentication.UnitTests.csproj", "{45888C43-F15E-4B96-8FA4-21DD4E421735}"
EndProject
Project("{9A19103F-16F7-4668-BE54-9A1E7A4F7556}") = "Transactions.UnitTests", "tests\Transactions.UnitTests\Transactions.UnitTests.csproj", "{19935D7B-31E9-4996-B672-B0594958586B}"
EndProject
Project("{9A19103F-16F7-4668-BE54-9A1E7A4F7556}") = "Users.UnitTests", "tests\Users.UnitTests\Users.UnitTests.csproj", "{60CA0672-7AAA-455A-9503-508C674E5D3D}"
	ProjectSection(ProjectDependencies) = postProject
		{EA510484-B491-49C5-80B4-64B0B9DE7E93} = {EA510484-B491-49C5-80B4-64B0B9DE7E93}
	EndProjectSection
EndProject
Project("{54A90642-561A-4BB1-A94E-469ADEE60C69}") = "Web", "src\Web\Web.esproj", "{28492F2A-FC21-4AEA-B3B6-4C763DDFA1FC}"
EndProject
Project("{2150E333-8FDC-42A3-9474-1A3956D46DE8}") = "Authentication", "Authentication", "{268AC7F2-1098-4118-A2AD-061AB5B9E287}"
EndProject
Project("{2150E333-8FDC-42A3-9474-1A3956D46DE8}") = "Transactions", "Transactions", "{F68E01AD-0E26-44CB-9F27-D5EF5F5CA0A1}"
EndProject
Project("{2150E333-8FDC-42A3-9474-1A3956D46DE8}") = "Users", "Users", "{71E299BD-AD00-436B-ACD9-7B7F00274AE5}"
EndProject
Global
	GlobalSection(SolutionConfigurationPlatforms) = preSolution
		Debug|Any CPU = Debug|Any CPU
		Release|Any CPU = Release|Any CPU
	EndGlobalSection
	GlobalSection(ProjectConfigurationPlatforms) = postSolution
		{EA510484-B491-49C5-80B4-64B0B9DE7E93}.Debug|Any CPU.ActiveCfg = Debug|Any CPU
		{EA510484-B491-49C5-80B4-64B0B9DE7E93}.Debug|Any CPU.Build.0 = Debug|Any CPU
		{EA510484-B491-49C5-80B4-64B0B9DE7E93}.Release|Any CPU.ActiveCfg = Release|Any CPU
		{EA510484-B491-49C5-80B4-64B0B9DE7E93}.Release|Any CPU.Build.0 = Release|Any CPU
		{6CEC1981-79FC-4949-BB3D-405D76A981D8}.Debug|Any CPU.ActiveCfg = Debug|Any CPU
		{6CEC1981-79FC-4949-BB3D-405D76A981D8}.Debug|Any CPU.Build.0 = Debug|Any CPU
		{6CEC1981-79FC-4949-BB3D-405D76A981D8}.Release|Any CPU.ActiveCfg = Release|Any CPU
		{6CEC1981-79FC-4949-BB3D-405D76A981D8}.Release|Any CPU.Build.0 = Release|Any CPU
		{85AC556F-63F9-4858-862B-BBDA3A8CE0A4}.Debug|Any CPU.ActiveCfg = Debug|Any CPU
		{85AC556F-63F9-4858-862B-BBDA3A8CE0A4}.Debug|Any CPU.Build.0 = Debug|Any CPU
		{85AC556F-63F9-4858-862B-BBDA3A8CE0A4}.Release|Any CPU.ActiveCfg = Release|Any CPU
		{85AC556F-63F9-4858-862B-BBDA3A8CE0A4}.Release|Any CPU.Build.0 = Release|Any CPU
		{8149EA51-EEAD-4FAE-B147-656F3DB60EBA}.Debug|Any CPU.ActiveCfg = Debug|Any CPU
		{8149EA51-EEAD-4FAE-B147-656F3DB60EBA}.Debug|Any CPU.Build.0 = Debug|Any CPU
		{8149EA51-EEAD-4FAE-B147-656F3DB60EBA}.Release|Any CPU.ActiveCfg = Release|Any CPU
		{8149EA51-EEAD-4FAE-B147-656F3DB60EBA}.Release|Any CPU.Build.0 = Release|Any CPU
		{A3C22F01-0A44-440F-BAE9-58B963D612AA}.Debug|Any CPU.ActiveCfg = Debug|Any CPU
		{A3C22F01-0A44-440F-BAE9-58B963D612AA}.Debug|Any CPU.Build.0 = Debug|Any CPU
		{A3C22F01-0A44-440F-BAE9-58B963D612AA}.Release|Any CPU.ActiveCfg = Release|Any CPU
		{A3C22F01-0A44-440F-BAE9-58B963D612AA}.Release|Any CPU.Build.0 = Release|Any CPU
		{E92A9015-0DFD-4E7D-972A-D318F14D6176}.Debug|Any CPU.ActiveCfg = Debug|Any CPU
		{E92A9015-0DFD-4E7D-972A-D318F14D6176}.Debug|Any CPU.Build.0 = Debug|Any CPU
		{E92A9015-0DFD-4E7D-972A-D318F14D6176}.Release|Any CPU.ActiveCfg = Release|Any CPU
		{E92A9015-0DFD-4E7D-972A-D318F14D6176}.Release|Any CPU.Build.0 = Release|Any CPU
		{51118DF0-776B-45DB-A365-6E3E69558C8E}.Debug|Any CPU.ActiveCfg = Debug|Any CPU
		{51118DF0-776B-45DB-A365-6E3E69558C8E}.Debug|Any CPU.Build.0 = Debug|Any CPU
		{51118DF0-776B-45DB-A365-6E3E69558C8E}.Release|Any CPU.ActiveCfg = Release|Any CPU
		{51118DF0-776B-45DB-A365-6E3E69558C8E}.Release|Any CPU.Build.0 = Release|Any CPU
		{45888C43-F15E-4B96-8FA4-21DD4E421735}.Debug|Any CPU.ActiveCfg = Debug|Any CPU
		{45888C43-F15E-4B96-8FA4-21DD4E421735}.Debug|Any CPU.Build.0 = Debug|Any CPU
		{45888C43-F15E-4B96-8FA4-21DD4E421735}.Release|Any CPU.ActiveCfg = Release|Any CPU
		{45888C43-F15E-4B96-8FA4-21DD4E421735}.Release|Any CPU.Build.0 = Release|Any CPU
		{19935D7B-31E9-4996-B672-B0594958586B}.Debug|Any CPU.ActiveCfg = Debug|Any CPU
		{19935D7B-31E9-4996-B672-B0594958586B}.Debug|Any CPU.Build.0 = Debug|Any CPU
		{19935D7B-31E9-4996-B672-B0594958586B}.Release|Any CPU.ActiveCfg = Release|Any CPU
		{19935D7B-31E9-4996-B672-B0594958586B}.Release|Any CPU.Build.0 = Release|Any CPU
		{60CA0672-7AAA-455A-9503-508C674E5D3D}.Debug|Any CPU.ActiveCfg = Debug|Any CPU
		{60CA0672-7AAA-455A-9503-508C674E5D3D}.Debug|Any CPU.Build.0 = Debug|Any CPU
		{60CA0672-7AAA-455A-9503-508C674E5D3D}.Release|Any CPU.ActiveCfg = Release|Any CPU
		{60CA0672-7AAA-455A-9503-508C674E5D3D}.Release|Any CPU.Build.0 = Release|Any CPU
		{28492F2A-FC21-4AEA-B3B6-4C763DDFA1FC}.Debug|Any CPU.ActiveCfg = Debug|Any CPU
		{28492F2A-FC21-4AEA-B3B6-4C763DDFA1FC}.Debug|Any CPU.Build.0 = Debug|Any CPU
		{28492F2A-FC21-4AEA-B3B6-4C763DDFA1FC}.Debug|Any CPU.Deploy.0 = Debug|Any CPU
		{28492F2A-FC21-4AEA-B3B6-4C763DDFA1FC}.Release|Any CPU.ActiveCfg = Release|Any CPU
		{28492F2A-FC21-4AEA-B3B6-4C763DDFA1FC}.Release|Any CPU.Build.0 = Release|Any CPU
		{28492F2A-FC21-4AEA-B3B6-4C763DDFA1FC}.Release|Any CPU.Deploy.0 = Release|Any CPU
	EndGlobalSection
	GlobalSection(SolutionProperties) = preSolution
		HideSolutionNode = FALSE
	EndGlobalSection
	GlobalSection(NestedProjects) = preSolution
		{EA510484-B491-49C5-80B4-64B0B9DE7E93} = {71E299BD-AD00-436B-ACD9-7B7F00274AE5}
		{6CEC1981-79FC-4949-BB3D-405D76A981D8} = {F68E01AD-0E26-44CB-9F27-D5EF5F5CA0A1}
		{85AC556F-63F9-4858-862B-BBDA3A8CE0A4} = {F68E01AD-0E26-44CB-9F27-D5EF5F5CA0A1}
		{8149EA51-EEAD-4FAE-B147-656F3DB60EBA} = {F68E01AD-0E26-44CB-9F27-D5EF5F5CA0A1}
		{A3C22F01-0A44-440F-BAE9-58B963D612AA} = {268AC7F2-1098-4118-A2AD-061AB5B9E287}
		{E92A9015-0DFD-4E7D-972A-D318F14D6176} = {268AC7F2-1098-4118-A2AD-061AB5B9E287}
		{51118DF0-776B-45DB-A365-6E3E69558C8E} = {268AC7F2-1098-4118-A2AD-061AB5B9E287}
		{45888C43-F15E-4B96-8FA4-21DD4E421735} = {268AC7F2-1098-4118-A2AD-061AB5B9E287}
		{19935D7B-31E9-4996-B672-B0594958586B} = {F68E01AD-0E26-44CB-9F27-D5EF5F5CA0A1}
		{60CA0672-7AAA-455A-9503-508C674E5D3D} = {71E299BD-AD00-436B-ACD9-7B7F00274AE5}
	EndGlobalSection
	GlobalSection(ExtensibilityGlobals) = postSolution
		SolutionGuid = {EF1804AD-7704-4A8E-B6AD-5C65925903DE}
	EndGlobalSection
EndGlobal
